
Microsoft Visual Studio Solution File, Format Version 12.00
# Visual Studio Version 17
VisualStudioVersion = 17.3.32611.2
MinimumVisualStudioVersion = 10.0.40219.1
Project("{2150E333-8FDC-42A3-9474-1A3956D46DE8}") = "Presentation", "Presentation", "{475FD6C5-B7A8-4140-95B6-4707451A8AF2}"
EndProject
Project("{2150E333-8FDC-42A3-9474-1A3956D46DE8}") = "Core", "Core", "{26672AD5-0652-43B7-A9D7-EF5333AAE9A6}"
EndProject
Project("{2150E333-8FDC-42A3-9474-1A3956D46DE8}") = "Shared", "Shared", "{36A695B5-26AD-45D8-A188-2BB55BE7A3EE}"
EndProject
Project("{2150E333-8FDC-42A3-9474-1A3956D46DE8}") = "src", "src", "{D78BFD77-4D56-4FE6-A60E-3C4B11947BAA}"
EndProject
Project("{2150E333-8FDC-42A3-9474-1A3956D46DE8}") = "tests", "tests", "{201F2F33-C34E-4C07-8044-FD876BAB5945}"
EndProject
Project("{2150E333-8FDC-42A3-9474-1A3956D46DE8}") = "Core", "Core", "{454E2E3F-6FF5-4E65-A484-993AC35A971E}"
EndProject
Project("{2150E333-8FDC-42A3-9474-1A3956D46DE8}") = "Host", "Host", "{63AE18C6-0534-49DD-8573-91DB2E9A5063}"
EndProject
Project("{2150E333-8FDC-42A3-9474-1A3956D46DE8}") = "Shared", "Shared", "{73813793-7A98-46C0-A9C5-6970D2B25573}"
EndProject
Project("{2150E333-8FDC-42A3-9474-1A3956D46DE8}") = "UI", "UI", "{ECD53218-03B8-4E2A-88BA-152790F1E834}"
EndProject
Project("{9A19103F-16F7-4668-BE54-9A1E7A4F7556}") = "Application", "src\core\NarfuPresentations.Core.Application\Application.csproj", "{3C94BF91-12A5-478C-9F44-5BA94628EAB1}"
EndProject
Project("{9A19103F-16F7-4668-BE54-9A1E7A4F7556}") = "Domain", "src\Shared\NarfuPresentations.Shared.Domain\Domain.csproj", "{B5115220-1F1D-4031-9A94-50E4AFD60A85}"
EndProject
Project("{9A19103F-16F7-4668-BE54-9A1E7A4F7556}") = "Infrastructure", "src\Core\NarfuPresentations.Core.Infrastructure\Infrastructure.csproj", "{90866155-D7A8-46C8-A35F-C02FFCC0FBEC}"
	ProjectSection(ProjectDependencies) = postProject
		{3C94BF91-12A5-478C-9F44-5BA94628EAB1} = {3C94BF91-12A5-478C-9F44-5BA94628EAB1}
		{B5115220-1F1D-4031-9A94-50E4AFD60A85} = {B5115220-1F1D-4031-9A94-50E4AFD60A85}
		{D5094724-28B7-4A1D-86AE-F9752A4862DF} = {D5094724-28B7-4A1D-86AE-F9752A4862DF}
	EndProjectSection
EndProject
Project("{9A19103F-16F7-4668-BE54-9A1E7A4F7556}") = "API.Client", "src\Shared\NarfuPresentations.API.Client\API.Client.csproj", "{C3D2D8CA-C025-446C-9B34-98A94E5ADD3B}"
	ProjectSection(ProjectDependencies) = postProject
		{D5094724-28B7-4A1D-86AE-F9752A4862DF} = {D5094724-28B7-4A1D-86AE-F9752A4862DF}
	EndProjectSection
EndProject
Project("{9A19103F-16F7-4668-BE54-9A1E7A4F7556}") = "Contracts", "src\Shared\NarfuPresentations.Shared.Contracts\Contracts.csproj", "{D5094724-28B7-4A1D-86AE-F9752A4862DF}"
EndProject
Project("{9A19103F-16F7-4668-BE54-9A1E7A4F7556}") = "API", "src\Presentation\API\API.csproj", "{2B36F6F8-FF4B-4FDB-9193-63FDF42FE27D}"
EndProject
Project("{9A19103F-16F7-4668-BE54-9A1E7A4F7556}") = "MAUI", "src\Presentation\NarfuPresentations.Presentation.MAUI\MAUI.csproj", "{673F273C-192E-480C-821C-2C7D9D261AE7}"
	ProjectSection(ProjectDependencies) = postProject
		{C3D2D8CA-C025-446C-9B34-98A94E5ADD3B} = {C3D2D8CA-C025-446C-9B34-98A94E5ADD3B}
		{D5094724-28B7-4A1D-86AE-F9752A4862DF} = {D5094724-28B7-4A1D-86AE-F9752A4862DF}
	EndProjectSection
EndProject
Project("{2150E333-8FDC-42A3-9474-1A3956D46DE8}") = "Migrators", "Migrators", "{F819AAA7-97F1-46A5-A7A5-B1953A4690A7}"
EndProject
Project("{FAE04EC0-301F-11D3-BF4B-00C04F79EFBC}") = "Migrators.MSSQL", "src\Migrators\NarfuPresentations.Migrators.MSSQL\Migrators.MSSQL.csproj", "{AD4D5CFB-0179-4908-B803-8D9C7214D02B}"
EndProject
Global
	GlobalSection(SolutionConfigurationPlatforms) = preSolution
		Debug|Any CPU = Debug|Any CPU
		Release|Any CPU = Release|Any CPU
	EndGlobalSection
	GlobalSection(ProjectConfigurationPlatforms) = postSolution
		{3C94BF91-12A5-478C-9F44-5BA94628EAB1}.Debug|Any CPU.ActiveCfg = Debug|Any CPU
		{3C94BF91-12A5-478C-9F44-5BA94628EAB1}.Debug|Any CPU.Build.0 = Debug|Any CPU
		{3C94BF91-12A5-478C-9F44-5BA94628EAB1}.Release|Any CPU.ActiveCfg = Release|Any CPU
		{3C94BF91-12A5-478C-9F44-5BA94628EAB1}.Release|Any CPU.Build.0 = Release|Any CPU
		{B5115220-1F1D-4031-9A94-50E4AFD60A85}.Debug|Any CPU.ActiveCfg = Debug|Any CPU
		{B5115220-1F1D-4031-9A94-50E4AFD60A85}.Debug|Any CPU.Build.0 = Debug|Any CPU
		{B5115220-1F1D-4031-9A94-50E4AFD60A85}.Release|Any CPU.ActiveCfg = Release|Any CPU
		{B5115220-1F1D-4031-9A94-50E4AFD60A85}.Release|Any CPU.Build.0 = Release|Any CPU
		{90866155-D7A8-46C8-A35F-C02FFCC0FBEC}.Debug|Any CPU.ActiveCfg = Debug|Any CPU
		{90866155-D7A8-46C8-A35F-C02FFCC0FBEC}.Debug|Any CPU.Build.0 = Debug|Any CPU
		{90866155-D7A8-46C8-A35F-C02FFCC0FBEC}.Release|Any CPU.ActiveCfg = Release|Any CPU
		{90866155-D7A8-46C8-A35F-C02FFCC0FBEC}.Release|Any CPU.Build.0 = Release|Any CPU
		{C3D2D8CA-C025-446C-9B34-98A94E5ADD3B}.Debug|Any CPU.ActiveCfg = Debug|Any CPU
		{C3D2D8CA-C025-446C-9B34-98A94E5ADD3B}.Debug|Any CPU.Build.0 = Debug|Any CPU
		{C3D2D8CA-C025-446C-9B34-98A94E5ADD3B}.Release|Any CPU.ActiveCfg = Release|Any CPU
		{C3D2D8CA-C025-446C-9B34-98A94E5ADD3B}.Release|Any CPU.Build.0 = Release|Any CPU
		{D5094724-28B7-4A1D-86AE-F9752A4862DF}.Debug|Any CPU.ActiveCfg = Debug|Any CPU
		{D5094724-28B7-4A1D-86AE-F9752A4862DF}.Debug|Any CPU.Build.0 = Debug|Any CPU
		{D5094724-28B7-4A1D-86AE-F9752A4862DF}.Release|Any CPU.ActiveCfg = Release|Any CPU
		{D5094724-28B7-4A1D-86AE-F9752A4862DF}.Release|Any CPU.Build.0 = Release|Any CPU
		{2B36F6F8-FF4B-4FDB-9193-63FDF42FE27D}.Debug|Any CPU.ActiveCfg = Debug|Any CPU
		{2B36F6F8-FF4B-4FDB-9193-63FDF42FE27D}.Debug|Any CPU.Build.0 = Debug|Any CPU
		{2B36F6F8-FF4B-4FDB-9193-63FDF42FE27D}.Release|Any CPU.ActiveCfg = Release|Any CPU
		{2B36F6F8-FF4B-4FDB-9193-63FDF42FE27D}.Release|Any CPU.Build.0 = Release|Any CPU
		{673F273C-192E-480C-821C-2C7D9D261AE7}.Debug|Any CPU.ActiveCfg = Debug|Any CPU
		{673F273C-192E-480C-821C-2C7D9D261AE7}.Debug|Any CPU.Build.0 = Debug|Any CPU
		{673F273C-192E-480C-821C-2C7D9D261AE7}.Debug|Any CPU.Deploy.0 = Debug|Any CPU
		{673F273C-192E-480C-821C-2C7D9D261AE7}.Release|Any CPU.ActiveCfg = Release|Any CPU
		{673F273C-192E-480C-821C-2C7D9D261AE7}.Release|Any CPU.Build.0 = Release|Any CPU
		{673F273C-192E-480C-821C-2C7D9D261AE7}.Release|Any CPU.Deploy.0 = Release|Any CPU
		{AD4D5CFB-0179-4908-B803-8D9C7214D02B}.Debug|Any CPU.ActiveCfg = Debug|Any CPU
		{AD4D5CFB-0179-4908-B803-8D9C7214D02B}.Debug|Any CPU.Build.0 = Debug|Any CPU
		{AD4D5CFB-0179-4908-B803-8D9C7214D02B}.Release|Any CPU.ActiveCfg = Release|Any CPU
		{AD4D5CFB-0179-4908-B803-8D9C7214D02B}.Release|Any CPU.Build.0 = Release|Any CPU
	EndGlobalSection
	GlobalSection(SolutionProperties) = preSolution
		HideSolutionNode = FALSE
	EndGlobalSection
	GlobalSection(NestedProjects) = preSolution
		{475FD6C5-B7A8-4140-95B6-4707451A8AF2} = {D78BFD77-4D56-4FE6-A60E-3C4B11947BAA}
		{26672AD5-0652-43B7-A9D7-EF5333AAE9A6} = {D78BFD77-4D56-4FE6-A60E-3C4B11947BAA}
		{36A695B5-26AD-45D8-A188-2BB55BE7A3EE} = {D78BFD77-4D56-4FE6-A60E-3C4B11947BAA}
		{454E2E3F-6FF5-4E65-A484-993AC35A971E} = {201F2F33-C34E-4C07-8044-FD876BAB5945}
		{63AE18C6-0534-49DD-8573-91DB2E9A5063} = {201F2F33-C34E-4C07-8044-FD876BAB5945}
		{73813793-7A98-46C0-A9C5-6970D2B25573} = {201F2F33-C34E-4C07-8044-FD876BAB5945}
		{ECD53218-03B8-4E2A-88BA-152790F1E834} = {201F2F33-C34E-4C07-8044-FD876BAB5945}
		{3C94BF91-12A5-478C-9F44-5BA94628EAB1} = {26672AD5-0652-43B7-A9D7-EF5333AAE9A6}
		{B5115220-1F1D-4031-9A94-50E4AFD60A85} = {36A695B5-26AD-45D8-A188-2BB55BE7A3EE}
		{90866155-D7A8-46C8-A35F-C02FFCC0FBEC} = {26672AD5-0652-43B7-A9D7-EF5333AAE9A6}
		{C3D2D8CA-C025-446C-9B34-98A94E5ADD3B} = {36A695B5-26AD-45D8-A188-2BB55BE7A3EE}
		{D5094724-28B7-4A1D-86AE-F9752A4862DF} = {36A695B5-26AD-45D8-A188-2BB55BE7A3EE}
		{2B36F6F8-FF4B-4FDB-9193-63FDF42FE27D} = {475FD6C5-B7A8-4140-95B6-4707451A8AF2}
		{673F273C-192E-480C-821C-2C7D9D261AE7} = {475FD6C5-B7A8-4140-95B6-4707451A8AF2}
		{F819AAA7-97F1-46A5-A7A5-B1953A4690A7} = {D78BFD77-4D56-4FE6-A60E-3C4B11947BAA}
		{AD4D5CFB-0179-4908-B803-8D9C7214D02B} = {F819AAA7-97F1-46A5-A7A5-B1953A4690A7}
	EndGlobalSection
	GlobalSection(ExtensibilityGlobals) = postSolution
		SolutionGuid = {4F9C7E5D-ECBA-46B1-B1A2-8D8B4DA64158}
	EndGlobalSection
EndGlobal
